{
  "apple-app-site-association.json": {
    "hash": "d1da9db0aee3fe4654cea271ab950d2de3d46b0d9e6fb6866738abfefc7fc601",
    "version": "0.0.1"
  },
  "appsettings.json": {
    "hash": "6c8f46ced6ba7bbe1b409ce0820d1efa07ac470cda85e0499e3d91731b718295",
    "version": "0.0.2"
  },
  "appveyor.json": {
    "hash": "e060df45f3843a2d858fbc9caecc0bef4c8a0d119193f775a6a5a255a7a31d3d",
    "version": "0.0.2"
  },
  "asmdef.json": {
    "hash": "be3b413b9eefc1238b171cf4edfd007788cda38e9505cce9d48128a828f5eb05",
    "version": "0.0.1"
  },
  "avro-avsc.json": {
    "hash": "8984e4500c2b709e7613b56905214782b4ed8bc21909646560422e219aa1df03",
    "version": "0.0.1"
  },
  "band-manifest.json": {
    "hash": "8bf40d13d08df73a4961cdcada0adb356af4ef43d3a8368d829ab262379e0b77",
    "version": "0.0.1"
  },
  "bower.json": {
    "hash": "b4135f9f8dee2354b01e18cf5bd41f642dd497f13757278691a8787ea8178687",
    "version": "0.0.1"
  },
  "bowerrc.json": {
    "hash": "2f7d10495534462e0dd85886d6aec88183dac0b71ecf5d7a9a5cab2adca4711a",
    "version": "0.0.1"
  },
  "bundleconfig.json": {
    "hash": "ffcb7b8e2b5767e4e0c24549ddfd95387739d1d0ed6c4fc1f4d9ff54833fa7d4",
    "version": "0.0.1"
  },
  "chutzpah.json": {
    "hash": "b0740a0b315f1553e3ca972b383070cb06f48ec03dceddee4ac9fb367ada4041",
    "version": "0.0.2"
  },
  "circleciconfig.json": {
    "hash": "4035d7d8b18e7974b3466bf9e593ad45b765e28ae8610734a9760a88e7bcbe3b",
    "version": "0.0.2"
  },
  "coffeelint.json": {
    "hash": "d5e5e50d25bf207a8f6e4496868a5439312b8636f4882342de72421b70d7e8e6",
    "version": "0.0.1"
  },
  "commands.json": {
    "hash": "2eb3effcf1c8f0f27457e000053688580cedd7519f9c01a37348b8585fc9a369",
    "version": "0.0.1"
  },
  "compilerdefaults.json": {
    "hash": "b400c5764e21695d23dea02f2ae0033d7f7f2b754bc4b24e6c1c65f359f2be9f",
    "version": "0.0.1"
  },
  "component.json": {
    "hash": "51a6892f81a36f145f385bf6e589324976ba80a77eb7ff175334719f80bd0e39",
    "version": "0.0.2"
  },
  "composer.json": {
    "hash": "3f3c0079f16cccdbfab07b15a0c11afa6c1847d67102db6bafbe1a0e6292b524",
    "version": "0.0.2"
  },
  "config.json": {
    "hash": "4f1355753e0437db08baca6a00ffbc9dac70fd59e6b6e1ea3a071504d03112bc",
    "version": "0.0.1"
  },
  "contribute.json": {
    "hash": "a6b38c35b223e3477ce2616e5864f6b20a586ef1560ef4d7110d2eb72779c50f",
    "version": "0.0.1"
  },
  "creatomic.json": {
    "hash": "80ce6ad83e9f2816eaaaa3cd55c619484c0af9ff75f61b7734067ef65767ae0d",
    "version": "0.0.1"
  },
  "cryproj.52.schema.json": {
    "hash": "7d67a2b09aca4bd931a756e26d7403ca45738a2c2944e4c0a2b70be1a9453180",
    "version": "0.0.1"
  },
  "cryproj.53.schema.json": {
    "hash": "3eb4a08caba9cd73dfda91e6c737d50690b1b0c6c827a8bcf8c857c45bbd22d3",
    "version": "0.0.1"
  },
  "cryproj.54.schema.json": {
    "hash": "a14d11a77b99448c3436e124f60cda54d805ae8ac4580caaab15c2da64bfbd5e",
    "version": "0.0.1"
  },
  "cryproj.55.schema.json": {
    "hash": "e175f04803886ed55313556dd49606bb4d76e31d8e115b56747bb966e699e700",
    "version": "0.0.1"
  },
  "cryproj.dev.schema.json": {
    "hash": "df369f19917345c422b6ce14d49b662ccaa8afd439a2c87972fcf7e73d0ce16e",
    "version": "0.0.1"
  },
  "cryproj.json": {
    "hash": "a9ddd43cf59b4a50fcbf5445754cccbe4f5210b289fad8c9139e55dd504147ae",
    "version": "0.0.1"
  },
  "csscomb.json": {
    "hash": "0bbd4d8c761c47a1e2047c18e36db88d911d62f73a628561682b991700e57408",
    "version": "0.0.1"
  },
  "csslintrc.json": {
    "hash": "11d1c8b64294a22c7da23b7fa83880d313f70e19624b01f9c01ad3c2915985fc",
    "version": "0.0.1"
  },
  "debugsettings.json": {
    "hash": "78cd337254d9dc8505c2369cef53df23312013d20721b5d940c382318f7d0ea3",
    "version": "0.0.1"
  },
  "dotnetcli.host.json": {
    "hash": "7ebbaaebfde9e9e6248e7384a74aba84407cdace898693d0118f21788f721300",
    "version": "0.0.1"
  },
  "epr-manifest.json": {
    "hash": "65a5fa96b9f2165f3b094f2affc7f7b7102df40ed09a1cb66c64eb0563c0b064",
    "version": "0.0.1"
  },
  "feed.json": {
    "hash": "a389782e8583e8d91e99848441b3febb930716b851c0b157f8dcb1095de0122f",
    "version": "0.0.1"
  },
  "foxx-manifest.json": {
    "hash": "2ae59f64f7b5d8563a8f010a3722d2d6507985847ff2a2f6cad47a00820bad61",
    "version": "0.0.1"
  },
  "geojson.json": {
    "hash": "f3dda50f235e2dcde73f3c165c0001f17a52d26d63b27eb8f86e10152ea0dbb9",
    "version": "0.0.1"
  },
  "global.json": {
    "hash": "64cf7c6371614299da78997dc013cb399a45ea3ac54a9170ecb8cf421db9bc24",
    "version": "0.0.1"
  },
  "grunt-clean-task.json": {
    "hash": "37afe5dcf7a3ca70e0eb22105711ea27eed4ef95de49e26d0faa1896edaee70a",
    "version": "0.0.1"
  },
  "grunt-copy-task.json": {
    "hash": "356171b6258327a59e7637f27108dc40267e9d312c3a93d05dbdbf8d76fbbcb1",
    "version": "0.0.1"
  },
  "grunt-cssmin-task.json": {
    "hash": "384ff3a803ee681c607ff7473c9eed0a3d84fb35c7749fb8420d25f23060dd63",
    "version": "0.0.1"
  },
  "grunt-jshint-task.json": {
    "hash": "fec7f4acff2b231f230b95c5cb9def5f88491301f2b61134b2758a8d4fe7be11",
    "version": "0.0.1"
  },
  "grunt-task.json": {
    "hash": "1f7b2aa1b5efd6d393a6aba27e1081fdf9eb47644e2239b8e23538bd69537ab6",
    "version": "0.0.1"
  },
  "grunt-watch-task.json": {
    "hash": "7153813cb4386ebe95c2318f2f4eed402e6682ecf8f7e4e758bc35625354e42e",
    "version": "0.0.1"
  },
  "haxelib.json": {
    "hash": "f9b41c3e5055c523de781de41c3487c3f653853dbcb4b9a0ada759c1f04309af",
    "version": "0.0.1"
  },
  "host-meta.json": {
    "hash": "716762792e3a5e3f3d68f50eb7829b06979582e262c3a34617f5c9422d95315f",
    "version": "0.0.1"
  },
  "imageoptimizer.json": {
    "hash": "3d41f3e503b9567585d38ee28cfaf0c61f94299c3006fe381dcfc2712a43e27a",
    "version": "0.0.1"
  },
  "install.json": {
    "hash": "864cefa378c32665fc7ab92fd6810a27e7b5d5f5fefeb960856ee75e0bbcaea3",
    "version": "0.0.1"
  },
  "jasonette.json": {
    "hash": "c341e4a5c10a9e56b66cb4538bae085b3450cb7c0d3d4475b1e98a7debccbf63",
    "version": "0.0.1"
  },
  "jdt.json": {
    "hash": "814d7459bcda4346e1f8e2804f2297d20bf4278414e1a363b2c40a16b14e0351",
    "version": "0.0.1"
  },
  "jsbeautifyrc-nested.json": {
    "hash": "6f666ec1e506bbaad432254284cbad7f3c887ff0d4064fc802048246712eea86",
    "version": "0.0.1"
  },
  "jsbeautifyrc.json": {
    "hash": "aaec6f96a21849f226e40c28ca30ae69084e1ef1b2e874d253ac75494160ea99",
    "version": "0.0.1"
  },
  "jsconfig.json": {
    "hash": "6d0caf76aa69eb3403e0e5544a4b785b0ac3293697c507e672702adba194ba5d",
    "version": "0.0.1"
  },
  "jshintrc.json": {
    "hash": "f05726025676857cd2ac17ca26a1d20eb227c96152b5baf6ea85ba6f1b3cb965",
    "version": "0.0.1"
  },
  "jsinspectrc.json": {
    "hash": "7f5e226b76b71a3f11cd1bee1b92f7cd9d9e354ffa700aab7cd942d7ca7f6bd7",
    "version": "0.0.1"
  },
  "json-api-1.0.json": {
    "hash": "f0e55377dde5efc3c236c9c79d72ea4f59d120096ac4b5f0aeceda5a069d596c",
    "version": "0.0.1"
  },
  "json-patch.json": {
    "hash": "4abe3f9e2f5d3484e95fc2655fe1726ccc2bcc9cfc49e9dd686e76831c917b9a",
    "version": "0.0.1"
  },
  "jsonld.json": {
    "hash": "08460786d5403df9f125de2fdf41feeb7c3836ce5462e940e6b76d7d9c5b37e0",
    "version": "0.0.1"
  },
  "ksp-ckan-1.16.json": {
    "hash": "0ab843c8712c665792162532c0e687e6ada9abd8cf8025da4c27acfa45f4c177",
    "version": "0.0.2"
  },
  "launchsettings.json": {
    "hash": "e5417eb29559164a9a6233b761efc3d97ee370d11fd80fa519bad5dac201e82b",
    "version": "0.0.1"
  },
  "libman.json": {
    "hash": "1230675101f80184c044c162eecfa6af1e83517cc80c03b53fcb6f92afaf90c8",
    "version": "0.0.1"
  },
  "licenses.1.json": {
    "hash": "0a0652cea53b76df324f0b916c9b57770b312e90d3b338785e654ed9bddcaa14",
    "version": "0.0.1"
  },
  "lsdlschema.json": {
    "hash": "d960698f0f3df95b61adbe2e9302001cdf81df42b1fbb26059eb3735f1a29a96",
    "version": "0.0.1"
  },
  "mimetypes.json": {
    "hash": "9c382b6b856eb1410a7be9fd9f7ec54b9ecb61656c6e8f5a9b6f7e1c1013c368",
    "version": "0.0.1"
  },
  "mycode.json": {
    "hash": "5b0590053500046ce46c1ab6ddb300e5c38a934024b177c2222d737dea304c9d",
    "version": "0.0.1"
  },
  "ninjs.json": {
    "hash": "15d10200cce962a8b7db907d80c016a4da3f353790ee3dbc94bad9ae411bebb1",
    "version": "0.0.1"
  },
  "npm-link-up.json": {
    "hash": "8a5c13e2f04ae7f519580b6f9ff9bc062cd66b544014c72d4a3e651d5cd43c29",
    "version": "0.0.2"
  },
  "nuget-project-3.3.0.json": {
    "hash": "2900e400cac9f005a760bab30049043a351b8cc7755e916cfad629b69e5df621",
    "version": "0.0.1"
  },
  "nuget-project.json": {
    "hash": "1703b54f4f54c3266457191842ad77b3b126cc6b38eae3e7b5e502fff6a409ce",
    "version": "0.0.1"
  },
  "omnisharp.json": {
    "hash": "3dca75b20347a784f9e1d67aab73449ddf4bd9ea5a0a9a36d13a8d0b36cc867e",
    "version": "0.0.1"
  },
  "openfin.json": {
    "hash": "f9781c1ee738f718d8244c2c13f04abb924eaea9b36450d15d360fecf555606b",
    "version": "0.0.1"
  },
  "package.json": {
    "hash": "9afdf5b83e66833d7bc082b271d5acf55408482a47a09bc829d88e424bab96f8",
    "version": "0.0.1"
  },
  "package.manifest.json": {
    "hash": "891fc499ee35e047cf264a989515ad1024cafa48e65a6dbda2c68ec37728daae",
    "version": "0.0.1"
  },
  "pattern.json": {
    "hash": "e88d724a4c9eb90d4d5a9d5a4cdb613841f045f3f1b83f46124a64c5beeed502",
    "version": "0.0.1"
  },
  "phraseapp.json": {
    "hash": "ee4bd185e2e73e999d992bcb89c3a1344f8db20af5cb6d4948784966c531fd7e",
    "version": "0.0.1"
  },
  "prettierrc-1.8.2.json": {
    "hash": "3752212c2514117b36737748b21e7210538acd3adf7623b7500db1b968648432",
    "version": "0.0.1"
  },
  "prettierrc.json": {
    "hash": "90415a8c85e55182233fe19941e217d193e0851debd7d2f1cb71e0298b07c404",
    "version": "0.0.2"
  },
  "prisma.json": {
    "hash": "d9ef9e2453c3160a2e1fbc302bbe9509e1d4435f96e1e959f9b3e2939709ad23",
    "version": "0.0.2"
  },
  "project-1.0.0-beta3.json": {
    "hash": "a23a61bb548ab86b9ee0b8f894cf42b90403e798e491fab68b65a2774673d2e2",
    "version": "0.0.1"
  },
  "project-1.0.0-beta5.json": {
    "hash": "8f5180caf21f275428c6dedacc37262110470305e26ff6f25c88d48ab4490261",
    "version": "0.0.1"
  },
  "project-1.0.0-beta6.json": {
    "hash": "b3f289799d54cb31db1f32183b7c2be92e109c00109cf5ff71ff562334ebb0cf",
    "version": "0.0.1"
  },
  "renovate.json": {
    "hash": "0d101a938bfe5b02a182d77d982aada0f848e61164b77166b5b312f9f1db581f",
    "version": "0.0.1"
  },
  "resjson.json": {
    "hash": "f268c7820133f09c68c0599a1adce555255aa93e27f0ddb8c54c69da1e254f3f",
    "version": "0.0.1"
  },
  "resume.json": {
    "hash": "eb8a83b073f722118788c1f631d82e0adb5207268475582c340469be71e5e395",
    "version": "0.0.1"
  },
  "sarif-1.0.0.json": {
    "hash": "3d381606211e14da54498868bce849356d45f52b3fbb2495e49c24477d8f735c",
    "version": "0.0.1"
  },
  "sarif-2.0.0.json": {
    "hash": "13eb0d8415d856c062c8ac0bd2e30f312cdeed4e669bf9996cdbcff8fde670ef",
    "version": "0.0.2"
  },
  "sarif.json": {
    "hash": "13eb0d8415d856c062c8ac0bd2e30f312cdeed4e669bf9996cdbcff8fde670ef",
    "version": "0.0.2"
  },
  "schema-catalog.json": {
    "hash": "b7ba9aea97d38e0dbf9a52153627d4339c73efd1e8865749fadf4eb236c9c321",
    "version": "0.0.1"
  },
  "schema-draft-v4.json": {
    "hash": "4ac3fdcf0206cb602f566289543696bd37655c6596b07677d139d9475583a8d5",
    "version": "0.0.1"
  },
  "settings.job.json": {
    "hash": "df461dc130e39b4d20cde2db0a279966afa6820e7d05eb855acfb6d53de8e6d2",
    "version": "0.0.1"
  },
  "solidaritySchema.json": {
    "hash": "d74654c0d9064385d1b177c1760f38afc92b868e8133a704d9da1b46c299f1da",
    "version": "0.0.1"
  },
  "sourcemap-v3.json": {
    "hash": "8ae4ec4563d4677ac65e41995c96230d2adafe88c766da72cf3861ee892581e5",
    "version": "0.0.1"
  },
  "sprite.json": {
    "hash": "a22ebebea849e00852bfec870d79208d0399ccbf94c13f44557e9aff04217f0a",
    "version": "0.0.1"
  },
  "stylelintrc.json": {
    "hash": "cfb6f6e7f3d99b37c9f4fb9b0e498b9166ebda4a59ffb21d91a8dfd417369458",
    "version": "0.0.1"
  },
  "swagger-2.0.json": {
    "hash": "b36871c8016292c5e66dd3b203e69aeff98bfef97e0b3c67c1909036095586a5",
    "version": "0.0.1"
  },
  "template.json": {
    "hash": "ab60804fb68e7e1c9d2120dd82e21c6d7ff3ed9aec73df6efeb9dc617912a9ed",
    "version": "0.0.1"
  },
  "travis.json": {
    "hash": "df47415c5bda3f1b854da83212a6569d08c0eb1d3a47fb499f14eab209590cb1",
    "version": "0.0.2"
  },
  "tsconfig.json": {
    "hash": "930dffc27bd76440bd0168f803183c23a79cb7058460ab44f837c3a730e36007",
    "version": "0.0.2"
  },
  "tsd.json": {
    "hash": "c34d6febcf996c2462470c24aa7279637c3f9f3280ebf6e6791aff1e04732540",
    "version": "0.0.1"
  },
  "tsdrc.json": {
    "hash": "e7fb85d7bceeeaf481f3fad0c950fda6cc54ad007391c6c9f776e846ff910765",
    "version": "0.0.1"
  },
  "tslint.json": {
    "hash": "2ac9807e2ad0788bfabd1c1a2d264a1662016ab0691a595719ae46cf6b93fc4b",
    "version": "0.0.2"
  },
  "typewiz.json": {
    "hash": "747458f24c4d9146c57de79f971705164b22eaeefc3642ba364b3c6c770492e1",
    "version": "0.0.1"
  },
  "ui5-manifest.json": {
    "hash": "137540bae419736bacffb02510de34525fc841411105576a99d405633578a169",
    "version": "0.0.1"
  },
  "up.json": {
    "hash": "36c215b32cba171aa92736ac6dbd23125e7b67709b19fb22dfa575ad1499c4f7",
    "version": "0.0.1"
  },
  "vs-2017.3.host.json": {
    "hash": "e46bdf556074586d3b0a39871f3456e24a29805709c60805739d7f5a3a4a411b",
    "version": "0.0.1"
  },
  "vs-nesting.json": {
    "hash": "508fceb7731ee7da7a10ef603a3134406bbf181c542a43440b052baab1bc2180",
    "version": "0.0.1"
  },
  "vsext.json": {
    "hash": "c1af3c581ba975e9c25ee91fbd7da64a67947833100d387828da79ffdc93273a",
    "version": "0.0.2"
  },
  "vsix-manifestinjection.json": {
    "hash": "0997e027cf3b0296d3514a09d2b7010604057fe42dfd8abb5e46ac9fd5e2166f",
    "version": "0.0.1"
  },
  "vsix-publish.json": {
    "hash": "b8758bc2f2f1ec00967c2ee284f33b1ef30688767f6b7a6fe9cc989ce27ce824",
    "version": "0.0.1"
  },
  "vsls.json": {
    "hash": "959a45e7276a7f1c1cd777a679b75d9096a79e7268a22a4aa248f922338f4d50",
    "version": "0.0.1"
  },
  "web-manifest.json": {
    "hash": "3e4bc091b889574b5ba8224de5dcaab1ac1ab5b25064b659cb0f36185896ce2e",
    "version": "0.0.1"
  },
  "webextension.json": {
    "hash": "8e72346d0416eb3073fb11a751c5ac906971db89e1bf65292852d609c751d0ae",
    "version": "0.0.1"
  },
  "webjob-publish-settings.json": {
    "hash": "b1a803ddfc598699588f9b03f40be08d8949989164e7b6879d83b32baa9c8c02",
    "version": "0.0.1"
  },
  "webjobs-list.json": {
    "hash": "f898c9e3de948ebbde435dbf8d3d2971f680c3fd234e5046bb0ea215cc909d8a",
    "version": "0.0.1"
  },
  "xunit.runner.schema.json": {
    "hash": "45a531de2248d20309cb355c689f26e6a3e96e79f8c85dc06452ef60ae25f99b",
    "version": "0.0.1"
  },
  "appsscript.json": {
    "hash": "379d95dc88cc7f9423397861fae2979d5bb2e7fb3a5381d7b865c3df38c862b8",
    "version": "1.0.1"
  },
  "bozr.json": {
    "hash": "1df26248def39755c4bd1665ef5a0fe89861ec7f74c0f890d081801c1c7d0e90",
    "version": "1.0.1"
  },
  "bukkit-plugin.json": {
    "hash": "5ef6e55e702d20431df4e88059bc3ba5edeb6902881174417c11fa16e501a3f0",
    "version": "1.0.1"
  },
  "bungee-plugin.json": {
    "hash": "782ee73bfded5335de76d2e77cd0a6e8b0477467b3a19cf7ff458e292062c363",
    "version": "1.0.1"
  },
  "clasp.json": {
    "hash": "e54d46c347f1a6e2150e8a07806e02feb88d34a634a26a48fa7a481eaa85e111",
    "version": "1.0.1"
  },
  "gitlab-ci.json": {
    "hash": "00ffc235209fdac3fc80edeb03c0de02171b3050a2f060226213b762d1e3a83b",
    "version": "1.0.1"
  },
  "nlu.json": {
    "hash": "4085ae872de074f028a24e0c57e097a129f55ec4ae09852096b9a001c99480ab",
    "version": "1.0.2"
  }
}
