{
  "ansible-stable-2.0.json": {
    "hash": "b33b8221edb665580d7c20c0ee202c5cca03de76a340ad6e9b37669ec02161bf",
    "version": "0.0.2"
  },
  "ansible-stable-2.1.json": {
    "hash": "c772b4d950a2bc3b499b9a93b4055438d0aa88052fe09067b8ada3f23d36ed83",
    "version": "0.0.2"
  },
  "ansible-stable-2.2.json": {
    "hash": "7eac33b48495425b4f36522b9201cbc8e383285a6498bc6bc0fcc7b703bcc321",
    "version": "0.0.2"
  },
  "ansible-stable-2.3.json": {
    "hash": "4bab8bc733c9f17b676374c04fe5a0686030fcc198254e8ebf47664b9b0ee991",
    "version": "0.0.2"
  },
  "ansible-stable-2.4.json": {
    "hash": "e55d772e959b710b6c1755f666d470243ca65e7ce9714febdadcc1c514817015",
    "version": "0.0.2"
  },
  "ansible-stable-2.5.json": {
    "hash": "b997a549bcae4b4dfcaec26ca823169ccf4a054412563d2326fef2cdb5d9bfa6",
    "version": "0.0.2"
  },
  "ansible-stable-2.6.json": {
    "hash": "3532a3699cfd99e9930d1fdd648831e754cba436fe5a52f29f7e9a55c6b306d5",
    "version": "0.0.3"
  },
  "ansible-stable-2.7.json": {
    "hash": "9a0630424f5b6dc4a5e9df8ce0e08f72a940545e78de207c95680cea153e2da6",
    "version": "0.0.3"
  },
  "apple-app-site-association.json": {
    "hash": "d1da9db0aee3fe4654cea271ab950d2de3d46b0d9e6fb6866738abfefc7fc601",
    "version": "0.0.3"
  },
  "appsettings.json": {
    "hash": "6c8f46ced6ba7bbe1b409ce0820d1efa07ac470cda85e0499e3d91731b718295",
    "version": "0.0.4"
  },
  "appsscript.json": {
    "hash": "ff8230dd83806e76a42d0c3d3469c5ea5a14d8dd0163be77aeb8ec25ceb940d5",
    "version": "1.0.4"
  },
  "appveyor.json": {
    "hash": "327406ca94d7cbfb876e8b18ba9d866df389192d6b172d0c42d96d2f10797b58",
    "version": "0.0.5"
  },
  "asmdef.json": {
    "hash": "be3b413b9eefc1238b171cf4edfd007788cda38e9505cce9d48128a828f5eb05",
    "version": "0.0.3"
  },
  "avro-avsc.json": {
    "hash": "4b065f923ae66a8041bb654564dfb01eaa5fc6b5fc987dcbda5f5deb614e4322",
    "version": "0.0.5"
  },
  "azure-iot-edge-deployment-1.0.json": {
    "hash": "e25644dfdf4b8267cbd5e312d237abc4542eb1a1467d8c7fe2a0369bc4b1f284",
    "version": "0.0.3"
  },
  "azure-iot-edge-deployment-2.0.json": {
    "hash": "c0419bc103f52b8e81ac60e39f2aa0f6effb2b19ccb0166a18b8d0cf93b72311",
    "version": "0.0.4"
  },
  "azure-iot-edge-deployment-template-1.0.json": {
    "hash": "45ea7c1da24505be2c6e4c9625bd68c210037524b81022cbecc982958985d667",
    "version": "0.0.3"
  },
  "azure-iot-edge-deployment-template-2.0.json": {
    "hash": "ecbf99ac80b4ce9548e17555f1cc68563c22a5d88542df3c4c9895ee6cd1ae7e",
    "version": "0.0.4"
  },
  "babelrc.json": {
    "hash": "10ade8809ba0bcb9d2f959254bddc316f7bcb0f6e17858c460eb5ad066b8b63e",
    "version": "0.0.2"
  },
  "backportrc.json": {
    "hash": "30d6ad5ce816f384a92ab1c1981b212606f08fede3696fa0b4c3736882ed9117",
    "version": "0.0.3"
  },
  "band-manifest.json": {
    "hash": "8bf40d13d08df73a4961cdcada0adb356af4ef43d3a8368d829ab262379e0b77",
    "version": "0.0.4"
  },
  "behat.json": {
    "hash": "9d842603db3c1228c422ddb0680df90762e006858703b19655ec637367490bbf",
    "version": "0.0.2"
  },
  "BizTalkServerApplicationSchema.json": {
    "hash": "903c66852cd9e6273edadcedea11c465abb7c608ba848b97af77a24013cb6c68",
    "version": "0.0.1"
  },
  "bootstraprc.json": {
    "hash": "bb109d6051629d0351b97a20cf9f5856a8788ab6597a3ba6fa9d8b1f5129c62e",
    "version": "0.0.1"
  },
  "bower.json": {
    "hash": "b4135f9f8dee2354b01e18cf5bd41f642dd497f13757278691a8787ea8178687",
    "version": "0.0.4"
  },
  "bowerrc.json": {
    "hash": "2f7d10495534462e0dd85886d6aec88183dac0b71ecf5d7a9a5cab2adca4711a",
    "version": "0.0.3"
  },
  "bozr.json": {
    "hash": "4c87fccfeb6cc604cf07d3d90ae73dac9f86e60adce623bcdb829b5704e016d4",
    "version": "1.0.4"
  },
  "bukkit-plugin.json": {
    "hash": "e95567cbfdc5d935615a4dae1b2c79011d9aebd1891968961252c0619f7de35a",
    "version": "1.0.4"
  },
  "bundleconfig.json": {
    "hash": "ffcb7b8e2b5767e4e0c24549ddfd95387739d1d0ed6c4fc1f4d9ff54833fa7d4",
    "version": "0.0.3"
  },
  "bungee-plugin.json": {
    "hash": "782ee73bfded5335de76d2e77cd0a6e8b0477467b3a19cf7ff458e292062c363",
    "version": "1.0.3"
  },
  "chrome-manifest.json": {
    "hash": "60260edd452575cb9984e1cc6d65968f84523a6c86f1b1326b5fddb46297f2eb",
    "version": "0.0.1"
  },
  "chutzpah.json": {
    "hash": "b0740a0b315f1553e3ca972b383070cb06f48ec03dceddee4ac9fb367ada4041",
    "version": "0.0.4"
  },
  "circleciconfig.json": {
    "hash": "b78717d1c345efbf999d6ca04ee9a7e47698d442e18b94b8320018e3df3073fb",
    "version": "0.0.6"
  },
  "cirrus.json": {
    "hash": "e5dc2d051dab582fa61655f16d75dd1ba9a9a9ca2e00cc1019a111fc4e96a43c",
    "version": "0.0.1"
  },
  "clasp.json": {
    "hash": "e54d46c347f1a6e2150e8a07806e02feb88d34a634a26a48fa7a481eaa85e111",
    "version": "1.0.3"
  },
  "cloud-sdk-pipeline-config-schema.json": {
    "hash": "6d7258da65604048451904f029f544a0fdf9c9df18b41f2658c269764322fbb1",
    "version": "0.0.1"
  },
  "cloudbuild.json": {
    "hash": "f34346452b14c907f71fcc3f926aa1b4eedb0daada291e319151d3fe2891d337",
    "version": "0.0.1"
  },
  "codecov.json": {
    "hash": "c96e692b6742fa6d2a65bf18684057d84fa6f15b9296307a1034ac0974a40fb6",
    "version": "0.0.2"
  },
  "coffeelint.json": {
    "hash": "48ad0f2ab5b57fd08f22cfe8b0c2297d0ce0650bba618702c85edc7fa1021b6b",
    "version": "0.0.4"
  },
  "commands.json": {
    "hash": "2eb3effcf1c8f0f27457e000053688580cedd7519f9c01a37348b8585fc9a369",
    "version": "0.0.3"
  },
  "compilerconfig.json": {
    "hash": "53b03e57efcf43f9571de2a2d43d98a4ad21651ec0cc4444ef1d34afd3b6a98e",
    "version": "0.0.1"
  },
  "compilerdefaults.json": {
    "hash": "b400c5764e21695d23dea02f2ae0033d7f7f2b754bc4b24e6c1c65f359f2be9f",
    "version": "0.0.3"
  },
  "component.json": {
    "hash": "51a6892f81a36f145f385bf6e589324976ba80a77eb7ff175334719f80bd0e39",
    "version": "0.0.4"
  },
  "composer.json": {
    "hash": "3f3c0079f16cccdbfab07b15a0c11afa6c1847d67102db6bafbe1a0e6292b524",
    "version": "0.0.4"
  },
  "config.json": {
    "hash": "4f1355753e0437db08baca6a00ffbc9dac70fd59e6b6e1ea3a071504d03112bc",
    "version": "0.0.3"
  },
  "content-security-policy-report-2.json": {
    "hash": "f0a2450f31d215e50ed36a6b609fd13ebc81e172585eab3ce2a93918d7341881",
    "version": "0.0.1"
  },
  "contribute.json": {
    "hash": "a6b38c35b223e3477ce2616e5864f6b20a586ef1560ef4d7110d2eb72779c50f",
    "version": "0.0.3"
  },
  "cosmos-config.json": {
    "hash": "52918f7b0a300f9800fc3cd5346535e8a3b68e1d3c53eb33aff99700a6fed731",
    "version": "0.0.3"
  },
  "creatomic.json": {
    "hash": "80ce6ad83e9f2816eaaaa3cd55c619484c0af9ff75f61b7734067ef65767ae0d",
    "version": "0.0.3"
  },
  "cryproj.52.schema.json": {
    "hash": "7d67a2b09aca4bd931a756e26d7403ca45738a2c2944e4c0a2b70be1a9453180",
    "version": "0.0.3"
  },
  "cryproj.53.schema.json": {
    "hash": "3eb4a08caba9cd73dfda91e6c737d50690b1b0c6c827a8bcf8c857c45bbd22d3",
    "version": "0.0.3"
  },
  "cryproj.54.schema.json": {
    "hash": "a14d11a77b99448c3436e124f60cda54d805ae8ac4580caaab15c2da64bfbd5e",
    "version": "0.0.3"
  },
  "cryproj.55.schema.json": {
    "hash": "e175f04803886ed55313556dd49606bb4d76e31d8e115b56747bb966e699e700",
    "version": "0.0.3"
  },
  "cryproj.dev.schema.json": {
    "hash": "df369f19917345c422b6ce14d49b662ccaa8afd439a2c87972fcf7e73d0ce16e",
    "version": "0.0.3"
  },
  "cryproj.json": {
    "hash": "a9ddd43cf59b4a50fcbf5445754cccbe4f5210b289fad8c9139e55dd504147ae",
    "version": "0.0.3"
  },
  "csscomb.json": {
    "hash": "0bbd4d8c761c47a1e2047c18e36db88d911d62f73a628561682b991700e57408",
    "version": "0.0.3"
  },
  "csslintrc.json": {
    "hash": "11d1c8b64294a22c7da23b7fa83880d313f70e19624b01f9c01ad3c2915985fc",
    "version": "0.0.3"
  },
  "datalogic-scan2deploy-android.json": {
    "hash": "8cfbb23f857651d6970dd4d317d1521171aaf37afbb4e9dcc936194c28690127",
    "version": "0.0.3"
  },
  "datalogic-scan2deploy-ce.json": {
    "hash": "c431acb4646f01afced4ef72fbd0d57036e61276d7337752c2bc558943acd53c",
    "version": "0.0.3"
  },
  "debugsettings.json": {
    "hash": "78cd337254d9dc8505c2369cef53df23312013d20721b5d940c382318f7d0ea3",
    "version": "0.0.3"
  },
  "dependabot.json": {
    "hash": "fbaea69235635605feb4598db3742b545b28d5d582a30236b8bbe8357b8a24c7",
    "version": "0.0.1"
  },
  "docfx.json": {
    "hash": "e15deea54af1687064b3eb429c52ae1368c8f77c34c01b7bc515c5b19d28af7e",
    "version": "0.0.1"
  },
  "dotnetcli.host.json": {
    "hash": "7ebbaaebfde9e9e6248e7384a74aba84407cdace898693d0118f21788f721300",
    "version": "0.0.3"
  },
  "drone.json": {
    "hash": "bbc709d14e4e9f85721abdf5f805c4ec70686594d65db01602a347227b8efe6f",
    "version": "0.0.3"
  },
  "drush.site.yml.json": {
    "hash": "575f3e72e8959cead2c54f8d60e4822acc9ed190722d02d2d92fe045acb72f3e",
    "version": "0.0.1"
  },
  "dss-2.0.0.json": {
    "hash": "a7b76b506030544832bf69006cbb0b047cfda76871633598a03a988805e81f4c",
    "version": "0.0.1"
  },
  "electron-builder.json": {
    "hash": "17889ac480ea01f6bfec8c2dd430a487d2a7b73e61da7560598ae8c0d2b2a1ac",
    "version": "0.0.1"
  },
  "epr-manifest.json": {
    "hash": "65a5fa96b9f2165f3b094f2affc7f7b7102df40ed09a1cb66c64eb0563c0b064",
    "version": "0.0.3"
  },
  "eslintrc.json": {
    "hash": "2291e45bed687827dc9cf628a741ce5209b506d19a8ebdf16e72253a4e1a9b14",
    "version": "0.0.5"
  },
  "esquio.json": {
    "hash": "4aa0d14ed80c15e2ddd1ef5ea12638c907c372eb7b2cbc878803dfe30b305020",
    "version": "0.0.1"
  },
  "fabric.mod.json": {
    "hash": "0a31f6cb7fe2b8eb73fa66f7313ec9dca421804089e500a503474392d3ef5eca",
    "version": "0.0.1"
  },
  "fantomas.json": {
    "hash": "9bcfe0b418b0dbb43328926133a08f57a06ae71419cfbcbdf0583771ed9777a2",
    "version": "0.0.1"
  },
  "feed.json": {
    "hash": "a389782e8583e8d91e99848441b3febb930716b851c0b157f8dcb1095de0122f",
    "version": "0.0.3"
  },
  "foxx-manifest.json": {
    "hash": "2ae59f64f7b5d8563a8f010a3722d2d6507985847ff2a2f6cad47a00820bad61",
    "version": "0.0.3"
  },
  "function.json": {
    "hash": "fc7403ded84c3417fcf3c12dd2542b0435232edd07ab9289b226a799ddfef7e6",
    "version": "0.0.1"
  },
  "geojson.json": {
    "hash": "f3dda50f235e2dcde73f3c165c0001f17a52d26d63b27eb8f86e10152ea0dbb9",
    "version": "0.0.3"
  },
  "github-action.json": {
    "hash": "7b828fc0a108eb48a917ee86e6aee8b74fbbfd086f40c096376e7b0d3fd015d7",
    "version": "0.0.2"
  },
  "github-workflow.json": {
    "hash": "8967725b738e182d735894e11dbb0f5bc303d0ed761767f82a50416ee27082ec",
    "version": "0.0.2"
  },
  "gitlab-ci.json": {
    "hash": "6285ad3484b8fe2787eb6d77fa5031f8c0f2c884caea64f8cf0874cfc4bef416",
    "version": "1.0.11"
  },
  "global.json": {
    "hash": "d83883fc1ce8fbd26ef653b91361a2c0398f09a5665cb210d246736307959240",
    "version": "0.0.4"
  },
  "grunt-clean-task.json": {
    "hash": "37afe5dcf7a3ca70e0eb22105711ea27eed4ef95de49e26d0faa1896edaee70a",
    "version": "0.0.3"
  },
  "grunt-copy-task.json": {
    "hash": "356171b6258327a59e7637f27108dc40267e9d312c3a93d05dbdbf8d76fbbcb1",
    "version": "0.0.3"
  },
  "grunt-cssmin-task.json": {
    "hash": "384ff3a803ee681c607ff7473c9eed0a3d84fb35c7749fb8420d25f23060dd63",
    "version": "0.0.3"
  },
  "grunt-jshint-task.json": {
    "hash": "fec7f4acff2b231f230b95c5cb9def5f88491301f2b61134b2758a8d4fe7be11",
    "version": "0.0.3"
  },
  "grunt-task.json": {
    "hash": "1f7b2aa1b5efd6d393a6aba27e1081fdf9eb47644e2239b8e23538bd69537ab6",
    "version": "0.0.3"
  },
  "grunt-watch-task.json": {
    "hash": "7153813cb4386ebe95c2318f2f4eed402e6682ecf8f7e4e758bc35625354e42e",
    "version": "0.0.3"
  },
  "haxelib.json": {
    "hash": "5663bf0783d4956cf2fc6bd00e1f5e7cedbea722e9aa0d8a71d7c7c27f9f9712",
    "version": "0.0.5"
  },
  "hemtt-0.6.2.json": {
    "hash": "bc40b54c38a69c7eda682232af5593bc9311bb08e97c3c77ba0748cb31c3c004",
    "version": "0.0.1"
  },
  "host-meta.json": {
    "hash": "716762792e3a5e3f3d68f50eb7829b06979582e262c3a34617f5c9422d95315f",
    "version": "0.0.3"
  },
  "host.json": {
    "hash": "075ed37317b46b2638f0d224698f6b4ea114efaabd8f0f24b3d732400d21defd",
    "version": "0.0.3"
  },
  "htmlhint.json": {
    "hash": "82ac4bf61b8ff463fec534fc35df0f0bde2f6bf1adcd297452a70b28655b04dd",
    "version": "0.0.1"
  },
  "httpmockrc.json": {
    "hash": "9daa61ed452cdf970e7d6ecf066881abc2d7c79a846b478082075e2a6d95dbaf",
    "version": "0.0.1"
  },
  "husky.json": {
    "hash": "79d92cae72b95f64a6c1847a50948063298ed3ac1872e08618e9635b30aaa3b2",
    "version": "0.0.2"
  },
  "huskyrc.json": {
    "hash": "79d92cae72b95f64a6c1847a50948063298ed3ac1872e08618e9635b30aaa3b2",
    "version": "0.0.1"
  },
  "imageoptimizer.json": {
    "hash": "3d41f3e503b9567585d38ee28cfaf0c61f94299c3006fe381dcfc2712a43e27a",
    "version": "0.0.4"
  },
  "install.json": {
    "hash": "d87c11bdd3b3e257e57853d4800aa789334b541aa89665e92cb5852c3342c026",
    "version": "0.0.5"
  },
  "jasonette.json": {
    "hash": "c341e4a5c10a9e56b66cb4538bae085b3450cb7c0d3d4475b1e98a7debccbf63",
    "version": "0.0.3"
  },
  "jdt.json": {
    "hash": "814d7459bcda4346e1f8e2804f2297d20bf4278414e1a363b2c40a16b14e0351",
    "version": "0.0.3"
  },
  "jekyll.json": {
    "hash": "04731d5c1065af1c03b15762e9263a5a24ff50dd4dcd6549dc9732b067c21833",
    "version": "0.0.2"
  },
  "jsbeautifyrc-nested.json": {
    "hash": "6f666ec1e506bbaad432254284cbad7f3c887ff0d4064fc802048246712eea86",
    "version": "0.0.3"
  },
  "jsbeautifyrc.json": {
    "hash": "aaec6f96a21849f226e40c28ca30ae69084e1ef1b2e874d253ac75494160ea99",
    "version": "0.0.3"
  },
  "jsconfig.json": {
    "hash": "023c3cac7fd7d4dcbeebcde6707aa0d5d65d2e674504fcc4d09741686f13a776",
    "version": "0.0.7"
  },
  "jscsrc.json": {
    "hash": "587855da664fed0ce8d52087da3f42a815911575edfe31c5b711856929042d07",
    "version": "0.0.1"
  },
  "jshintrc.json": {
    "hash": "2524aa8334e0c62648b83d95fc5089d0505857f7c44c5925621dc01a670bcbeb",
    "version": "0.0.4"
  },
  "jsinspectrc.json": {
    "hash": "7f5e226b76b71a3f11cd1bee1b92f7cd9d9e354ffa700aab7cd942d7ca7f6bd7",
    "version": "0.0.3"
  },
  "json-api-1.0.json": {
    "hash": "f0e55377dde5efc3c236c9c79d72ea4f59d120096ac4b5f0aeceda5a069d596c",
    "version": "0.0.3"
  },
  "json-patch.json": {
    "hash": "4abe3f9e2f5d3484e95fc2655fe1726ccc2bcc9cfc49e9dd686e76831c917b9a",
    "version": "0.0.3"
  },
  "jsonld.json": {
    "hash": "08460786d5403df9f125de2fdf41feeb7c3836ce5462e940e6b76d7d9c5b37e0",
    "version": "0.0.3"
  },
  "ksp-ckan-1.16.json": {
    "hash": "0ab843c8712c665792162532c0e687e6ada9abd8cf8025da4c27acfa45f4c177",
    "version": "0.0.2"
  },
  "ksp-ckan.json": {
    "hash": "114cb324c4d45015a175cd04722a6ba7982797084e8c1f19d88fa393fa75759c",
    "version": "0.0.4"
  },
  "kustomization.json": {
    "hash": "67e8d549f48160596bf5b3c0c12e4caaf08182ee3cd5fd0aba2df56716a5767c",
    "version": "0.0.1"
  },
  "launchsettings.json": {
    "hash": "e5417eb29559164a9a6233b761efc3d97ee370d11fd80fa519bad5dac201e82b",
    "version": "0.0.3"
  },
  "lerna.json": {
    "hash": "adb3b167beaba5ff226588528508db3b2aadf87139603ed38ee602d13df99eb2",
    "version": "0.0.2"
  },
  "libman.json": {
    "hash": "1230675101f80184c044c162eecfa6af1e83517cc80c03b53fcb6f92afaf90c8",
    "version": "0.0.3"
  },
  "licenses.1.json": {
    "hash": "0a0652cea53b76df324f0b916c9b57770b312e90d3b338785e654ed9bddcaa14",
    "version": "0.0.3"
  },
  "lintstagedrc.schema.json": {
    "hash": "ad3fe7a8466247a4eaf5b5f5b1f3af8956fd23386cd12ce87e32ae03634d1652",
    "version": "0.0.1"
  },
  "lsdlschema-0.7.json": {
    "hash": "1b515c9a885280ac8f0044dab7197d442c23cdb3a3cebb82a006ea6caad14c9e",
    "version": "0.0.4"
  },
  "lsdlschema-1.0.json": {
    "hash": "2b674a345e934d3140c392be862365f887ebca448290ca52788985f7a093c36a",
    "version": "0.0.2"
  },
  "lsdlschema-1.2.json": {
    "hash": "e735895c1be5529afb305dfc2a3dda8e292b90a31f67bd222a91d56d90b09faa",
    "version": "0.0.1"
  },
  "lsdlschema.json": {
    "hash": "26f1fdf59b8f4d2fced5a6d5d6f6a0ed35047557d6f4ed8724a92c6eeb341d72",
    "version": "0.0.4"
  },
  "mimetypes.json": {
    "hash": "9c382b6b856eb1410a7be9fd9f7ec54b9ecb61656c6e8f5a9b6f7e1c1013c368",
    "version": "0.0.3"
  },
  "modernizrrc.json": {
    "hash": "9b21068b376810d4c09d05e66e7d0fa27e9a62e9ba13d965956bc7c2ddcbb7cf",
    "version": "0.0.1"
  },
  "mta.json": {
    "hash": "6b644854caf6fc8c4121e2da1ef32b6ebd6952c40036aec8fbf04c3a584276df",
    "version": "0.0.2"
  },
  "mtad.json": {
    "hash": "0bb95348efb74e51199c18dd2770ae228303e9f253a38338a70030ee35d16999",
    "version": "0.0.3"
  },
  "mtaext.json": {
    "hash": "20b6312e97f8092693af5549d5a0199f2d1dc66ea3ddd96dcbacbff50e5f06e6",
    "version": "0.0.1"
  },
  "mycode.json": {
    "hash": "5b0590053500046ce46c1ab6ddb300e5c38a934024b177c2222d737dea304c9d",
    "version": "0.0.3"
  },
  "neoload.json": {
    "hash": "46e97ef751f80282b2b43ceb246d929c572ba46ef89fb48ffce98f8623e8717a",
    "version": "0.0.1"
  },
  "ninjs-1.0.json": {
    "hash": "05e2cf88b6cb0809e0a4d610cbe80591640c8cb3c95ae67738574c76233967e3",
    "version": "0.0.1"
  },
  "ninjs-1.1.json": {
    "hash": "15d10200cce962a8b7db907d80c016a4da3f353790ee3dbc94bad9ae411bebb1",
    "version": "0.0.1"
  },
  "ninjs-1.2.json": {
    "hash": "bdd5f5946f9d055cdb853a707e959aa47598d3e4198390d8670c472d904947a9",
    "version": "0.0.1"
  },
  "ninjs.json": {
    "hash": "15d10200cce962a8b7db907d80c016a4da3f353790ee3dbc94bad9ae411bebb1",
    "version": "0.0.3"
  },
  "nlu.json": {
    "hash": "4085ae872de074f028a24e0c57e097a129f55ec4ae09852096b9a001c99480ab",
    "version": "1.0.4"
  },
  "nodemon.json": {
    "hash": "4896ad84dceca2ed63f75343d3d919626c9935971c683f790e82ed432a80b368",
    "version": "0.0.3"
  },
  "now.json": {
    "hash": "cacd4d095cc495e735b61128b3952225769cb40d7e35bf87bfeba2d36f4495da",
    "version": "0.0.1"
  },
  "npm-link-up.json": {
    "hash": "8a5c13e2f04ae7f519580b6f9ff9bc062cd66b544014c72d4a3e651d5cd43c29",
    "version": "0.0.4"
  },
  "npmpackagejsonlintrc.json": {
    "hash": "76e597df3783561b9bb2d2a7a8723257d90a8588b07abdcc4bcbba73881de2f6",
    "version": "0.0.3"
  },
  "nswag.json": {
    "hash": "a3e683b4d681493249772108b9f43c03e162085f1e660f8837b6889b6c96a37d",
    "version": "0.0.3"
  },
  "nuget-project-3.3.0.json": {
    "hash": "2900e400cac9f005a760bab30049043a351b8cc7755e916cfad629b69e5df621",
    "version": "0.0.3"
  },
  "nuget-project.json": {
    "hash": "1703b54f4f54c3266457191842ad77b3b126cc6b38eae3e7b5e502fff6a409ce",
    "version": "0.0.3"
  },
  "ocelot.json": {
    "hash": "73929cf5c2a955b231204f5075374182403f14e8476c1eeb149b7f058a65455e",
    "version": "0.0.3"
  },
  "omnisharp.json": {
    "hash": "3dca75b20347a784f9e1d67aab73449ddf4bd9ea5a0a9a36d13a8d0b36cc867e",
    "version": "0.0.3"
  },
  "openfin.json": {
    "hash": "0d25338f2ba46fd52113592359ac9001449e6e82b726d062092ddfb58911343d",
    "version": "0.0.4"
  },
  "opspec-io-0.1.7.json": {
    "hash": "dadb4b819249550f32d8ea68e986fee624a534acec18fe99777588e26f1a2cd6",
    "version": "0.0.1"
  },
  "package.json": {
    "hash": "4476e2319e6b9682246c7a83d93eade8fec74d7c9e158de26b5c3812f1719e3f",
    "version": "0.0.5"
  },
  "package.manifest-7.0.0.json": {
    "hash": "146942337290d037a7fbbfac1a3f13fba411594e2fccd56aa78ef3c176740c81",
    "version": "0.0.4"
  },
  "package.manifest-8.0.0.json": {
    "hash": "15ae5c55a14d2498d604b228fa92e8c71842891bd7404a770a38ed44493bd8b5",
    "version": "0.0.4"
  },
  "package.manifest.json": {
    "hash": "15ae5c55a14d2498d604b228fa92e8c71842891bd7404a770a38ed44493bd8b5",
    "version": "0.0.5"
  },
  "pattern.json": {
    "hash": "e88d724a4c9eb90d4d5a9d5a4cdb613841f045f3f1b83f46124a64c5beeed502",
    "version": "0.0.4"
  },
  "phraseapp.json": {
    "hash": "ee4bd185e2e73e999d992bcb89c3a1344f8db20af5cb6d4948784966c531fd7e",
    "version": "0.0.4"
  },
  "pocketmine-plugin.json": {
    "hash": "ba4cdaf53d6f28eed6ea2498a2bd71ad02c52aebe92dad5947fa14543be9fd5c",
    "version": "0.0.1"
  },
  "prettierrc-1.8.2.json": {
    "hash": "3752212c2514117b36737748b21e7210538acd3adf7623b7500db1b968648432",
    "version": "0.0.3"
  },
  "prettierrc.json": {
    "hash": "325e2065242be89b2502244ec226a0f298d19d5643e79d3735816dbc009b41a5",
    "version": "0.0.7"
  },
  "prisma.json": {
    "hash": "4159c5ed7b88f081c6de2b72af370096174a420989e1724831e4bf62dc411064",
    "version": "0.0.5"
  },
  "project-1.0.0-beta3.json": {
    "hash": "a23a61bb548ab86b9ee0b8f894cf42b90403e798e491fab68b65a2774673d2e2",
    "version": "0.0.3"
  },
  "project-1.0.0-beta4.json": {
    "hash": "64285c3df73272047bf6d7386cf4d87ad671aacff305fa89ae1ae5663b14f123",
    "version": "0.0.2"
  },
  "project-1.0.0-beta5.json": {
    "hash": "8f5180caf21f275428c6dedacc37262110470305e26ff6f25c88d48ab4490261",
    "version": "0.0.3"
  },
  "project-1.0.0-beta6.json": {
    "hash": "b3f289799d54cb31db1f32183b7c2be92e109c00109cf5ff71ff562334ebb0cf",
    "version": "0.0.3"
  },
  "project-1.0.0-beta8.json": {
    "hash": "dbf565576df0608e68e2d0838401802b5d62a9ee5fdda597c07bb3b1dfd584b3",
    "version": "0.0.2"
  },
  "project-1.0.0-rc1.json": {
    "hash": "d6bfe69cc18fca2a9f74c0b20d18ea7f4232ad4248417cc94e8aceed02a3ffb6",
    "version": "0.0.1"
  },
  "project-1.0.0-rc2.json": {
    "hash": "6f2585e6f8303bafd90f6c93bed9c2b35ea142dac408761830e24e0a06f8367d",
    "version": "0.0.1"
  },
  "project.json": {
    "hash": "a7e5136894f6a3f352aad341d332c82f30beb31d9de04b94bc92980fec8be079",
    "version": "0.0.2"
  },
  "prometheus.json": {
    "hash": "5d6edbb6dc75e041b09ddabac31535d95c32b7f83fc378adddf954d827aa72d0",
    "version": "0.0.1"
  },
  "prometheus.rules.json": {
    "hash": "be0e0fc27abffc50ae5d088b47be1265546a50f4069a6915bebd0e6551339886",
    "version": "0.0.1"
  },
  "proxies.json": {
    "hash": "be3fd3279da487008e3f36a90dc7acbc181bb9ea364e4a5689f8fe19d8282190",
    "version": "0.0.1"
  },
  "pubspec.json": {
    "hash": "4e0f7e3866cb1d8da6839d515d46cf7908349f671f9ae6384cacb9acd643bc45",
    "version": "0.0.1"
  },
  "pyrseas-0.8.json": {
    "hash": "f72a2f6148f313520f86b15c7537c25b4e7c1b85cb8f7bc423f57220bb308f86",
    "version": "0.0.3"
  },
  "renovate.json": {
    "hash": "380ac7e3d9f583e7cf68141253a6940d8d9b88d83acf041dd66ee29ed11d9388",
    "version": "0.0.5"
  },
  "resjson.json": {
    "hash": "f268c7820133f09c68c0599a1adce555255aa93e27f0ddb8c54c69da1e254f3f",
    "version": "0.0.3"
  },
  "resume.json": {
    "hash": "996c0b0ce941c5d79c88a0156a52f8f3771d47e281576d4fe9b8da7ff4e8582c",
    "version": "0.0.6"
  },
  "sarif-1.0.0.json": {
    "hash": "3d381606211e14da54498868bce849356d45f52b3fbb2495e49c24477d8f735c",
    "version": "0.0.4"
  },
  "sarif-2.0.0-csd.2.beta.2018-10-10.json": {
    "hash": "42a8241a7114e696e7413099815dce2f740855fe23c4123c57e21666dd91a639",
    "version": "0.0.4"
  },
  "sarif-2.0.0-csd.2.beta.2019-01-09.json": {
    "hash": "03689a2bfc8b48b310525febf58d1d948c5bcab1ed429a101c75526e84e34827",
    "version": "0.0.4"
  },
  "sarif-2.0.0-csd.2.beta.2019-01-24.json": {
    "hash": "b56b08ff6d8487a0621546c59457908784d8212a783aeeabc5eb3482ac57f769",
    "version": "0.0.4"
  },
  "sarif-2.0.0.json": {
    "hash": "13eb0d8415d856c062c8ac0bd2e30f312cdeed4e669bf9996cdbcff8fde670ef",
    "version": "0.0.3"
  },
  "sarif-2.1.0-rtm.0.json": {
    "hash": "e764ec55ef06b7fdc6dd92077692542d2e8c625ac823f48cd0e3bf096c49cf98",
    "version": "0.0.2"
  },
  "sarif-2.1.0-rtm.1.json": {
    "hash": "7054a958e372be98446c4d85eaf4e165fbc0aa96f17af8c2ee80d207c2281248",
    "version": "0.0.2"
  },
  "sarif-2.1.0-rtm.2.json": {
    "hash": "2cf00c380305bb52ab8a3d01a900f2c65d7f319adaed1e467bd9f237be9525cd",
    "version": "0.0.2"
  },
  "sarif-2.1.0-rtm.3.json": {
    "hash": "915e2b093af9d549bd07518ea9eec683b1cce1d8bfe8bbdcada36144d99e402a",
    "version": "0.0.2"
  },
  "sarif-2.1.0-rtm.4.json": {
    "hash": "40832cb008371c6c055cb5f0b11472615d59aac40f9456a5f0f0276d87904909",
    "version": "0.0.2"
  },
  "sarif-external-property-file-2.1.0-rtm.0.json": {
    "hash": "b2bbc0cb31fca0f69fcd0f9f5bbeae5ac3dc3ee78733b269622a77d7b00b57ff",
    "version": "0.0.1"
  },
  "sarif-external-property-file-2.1.0-rtm.1.json": {
    "hash": "ef5a140cf9f8452677272cc1ad016306bd1bae18c1bd35efcdb53020eed743b5",
    "version": "0.0.1"
  },
  "sarif-external-property-file-2.1.0-rtm.2.json": {
    "hash": "8d269e7a3f2148dc7cccda330ca4288585264d2f82d9ddf27d3e1157f5110a5a",
    "version": "0.0.1"
  },
  "sarif-external-property-file-2.1.0-rtm.3.json": {
    "hash": "e4f779c526943bb798a29402d947f5f64fa9ad4721717b1a1e01775d5ae3717c",
    "version": "0.0.1"
  },
  "sarif-external-property-file-2.1.0-rtm.4.json": {
    "hash": "94b1f16c5941cfef72f57779b1a486c2d63f210ff3ede329f751160fbdcbecf8",
    "version": "0.0.1"
  },
  "sarif-external-property-file.json": {
    "hash": "94b1f16c5941cfef72f57779b1a486c2d63f210ff3ede329f751160fbdcbecf8",
    "version": "0.0.1"
  },
  "sarif.json": {
    "hash": "40832cb008371c6c055cb5f0b11472615d59aac40f9456a5f0f0276d87904909",
    "version": "0.0.6"
  },
  "schema-catalog.json": {
    "hash": "7bbeef14515177f2b22c15f76c8ce097260f34c3f6725e95da5c667dafff954a",
    "version": "0.0.4"
  },
  "schema-draft-v4.json": {
    "hash": "4ac3fdcf0206cb602f566289543696bd37655c6596b07677d139d9475583a8d5",
    "version": "0.0.4"
  },
  "schema-org-action.json": {
    "hash": "3d724ac446abd13c22804d9fa3d00725ce3f7464309a1527423f917c3e7e6e47",
    "version": "0.0.1"
  },
  "schema-org-contact-point.json": {
    "hash": "4b75c0056f94a760fc181cdc783bd482bbe4c1d641ddc48ce820f1cc9d0a18c1",
    "version": "0.0.1"
  },
  "schema-org-place.json": {
    "hash": "fc8eee9c99a70e88830545cdf98dccc45f443d06d6495ab64348771f00327dde",
    "version": "0.0.1"
  },
  "schema-org-thing.json": {
    "hash": "67a1a7c5349feac1e8e1bb6853b2b93914c4ea6eb7d1aa9de8343fc2bc8eac98",
    "version": "0.0.1"
  },
  "settings.job.json": {
    "hash": "df461dc130e39b4d20cde2db0a279966afa6820e7d05eb855acfb6d53de8e6d2",
    "version": "0.0.3"
  },
  "solidarityschema.json": {
    "hash": "d74654c0d9064385d1b177c1760f38afc92b868e8133a704d9da1b46c299f1da",
    "version": "0.0.4"
  },
  "solidaritySchema.json": {
    "hash": "4213df9d072ed9a900885aab04712319136c40bc3408f6ee14f4f6ec8db12df9",
    "version": "0.0.1"
  },
  "sourcehut-build.json": {
    "hash": "1e38d55fba04ea8a60895578953e9864a1b3437b619b42ce5a5372eb30afae97",
    "version": "0.0.1"
  },
  "sourcemap-v3.json": {
    "hash": "8ae4ec4563d4677ac65e41995c96230d2adafe88c766da72cf3861ee892581e5",
    "version": "0.0.4"
  },
  "sprite.json": {
    "hash": "a22ebebea849e00852bfec870d79208d0399ccbf94c13f44557e9aff04217f0a",
    "version": "0.0.3"
  },
  "stylelintrc.json": {
    "hash": "cfb6f6e7f3d99b37c9f4fb9b0e498b9166ebda4a59ffb21d91a8dfd417369458",
    "version": "0.0.4"
  },
  "stylintrc.json": {
    "hash": "e5459f17ae0adb3e72dfd542c199b01e8a90acb2dde678399e5f7278839f0bd1",
    "version": "0.0.2"
  },
  "swagger-2.0.json": {
    "hash": "b36871c8016292c5e66dd3b203e69aeff98bfef97e0b3c67c1909036095586a5",
    "version": "0.0.4"
  },
  "template.json": {
    "hash": "ab60804fb68e7e1c9d2120dd82e21c6d7ff3ed9aec73df6efeb9dc617912a9ed",
    "version": "0.0.3"
  },
  "templatesources.json": {
    "hash": "67d9444da899b52138b8491f871ee5f513eede337a3aaf964d2fac3ad68a5e22",
    "version": "0.0.1"
  },
  "toolinfo.1.1.0.json": {
    "hash": "2ac8092b86a5a4a11b00b04fad8df9e037d8e077a6a5a8be9494574085bfe55a",
    "version": "0.0.1"
  },
  "travis.json": {
    "hash": "c660a43431a7190551c9506481413e5c38158ba2a21c25a6fcec4ae06b67df6f",
    "version": "0.0.10"
  },
  "ts-force-config.json": {
    "hash": "a87c4b874fde7bed1841ac2c1fb46b060f864066cf6ba2c7fdc146b76bdf8eb7",
    "version": "0.0.3"
  },
  "tsconfig.json": {
    "hash": "0d661918a828c83c333582bd89dcca149daa26e169fc2e9ba3b3a69fa2072212",
    "version": "0.0.7"
  },
  "tsd.json": {
    "hash": "c34d6febcf996c2462470c24aa7279637c3f9f3280ebf6e6791aff1e04732540",
    "version": "0.0.3"
  },
  "tsdrc.json": {
    "hash": "e7fb85d7bceeeaf481f3fad0c950fda6cc54ad007391c6c9f776e846ff910765",
    "version": "0.0.3"
  },
  "tslint.json": {
    "hash": "c1107840c09963e76f1435bf816c217c8c29a6ad1f3bd15303ff8dea54b7c38b",
    "version": "0.0.9"
  },
  "typedoc.json": {
    "hash": "4c54ac845b955de440446cd2d29fef32b6a94fcc0b2b1f27a38bed257c28c9c2",
    "version": "0.0.4"
  },
  "typewiz.json": {
    "hash": "747458f24c4d9146c57de79f971705164b22eaeefc3642ba364b3c6c770492e1",
    "version": "0.0.3"
  },
  "typings.json": {
    "hash": "0f32f8d1be86efb73afa8ee5bb936884bcabe9f2411a06a87aa26995b25c4143",
    "version": "0.0.1"
  },
  "typingsrc.json": {
    "hash": "776174b3533248323c84af0df8b2b3a951d1c8a01a204eeea3b5470ab3db3175",
    "version": "0.0.1"
  },
  "ui5-manifest.json": {
    "hash": "137540bae419736bacffb02510de34525fc841411105576a99d405633578a169",
    "version": "0.0.3"
  },
  "up.json": {
    "hash": "36c215b32cba171aa92736ac6dbd23125e7b67709b19fb22dfa575ad1499c4f7",
    "version": "0.0.4"
  },
  "vega-lite.json": {
    "hash": "0bd3b729358da93d8a6849612cf8c9e97dce453039ef53d2a0f96f2518bc3c4c",
    "version": "0.0.1"
  },
  "vega.json": {
    "hash": "802f5f75daf5b97e7d517c80b5f5239b1cdc766fe4edb30509257d134a7e8318",
    "version": "0.0.1"
  },
  "vs-2017.3.host.json": {
    "hash": "e46bdf556074586d3b0a39871f3456e24a29805709c60805739d7f5a3a4a411b",
    "version": "0.0.3"
  },
  "vs-nesting.json": {
    "hash": "c1ad0f66084f4ff6631ee887ab07c0ee8d7bd4112d5555c62c948a6b7ac2bc56",
    "version": "0.0.4"
  },
  "vsconfig.json": {
    "hash": "2b655fe27c1edb62e8208eff57e7c83d0e43294b8418437612ed2bdcf3e2bba9",
    "version": "0.0.3"
  },
  "vsext.json": {
    "hash": "c1af3c581ba975e9c25ee91fbd7da64a67947833100d387828da79ffdc93273a",
    "version": "0.0.4"
  },
  "vsix-manifestinjection.json": {
    "hash": "0997e027cf3b0296d3514a09d2b7010604057fe42dfd8abb5e46ac9fd5e2166f",
    "version": "0.0.3"
  },
  "vsix-publish.json": {
    "hash": "b728905d848a830d5aec8be257869f91b3aeca2386391fa536a302a6a2ae82c2",
    "version": "0.0.5"
  },
  "vsls.json": {
    "hash": "959a45e7276a7f1c1cd777a679b75d9096a79e7268a22a4aa248f922338f4d50",
    "version": "0.0.3"
  },
  "vss-extension.json": {
    "hash": "c8868d08295b2f17dee6c35e3e18c716c22b2a16e84dce5d20be820d98fda1c1",
    "version": "0.0.1"
  },
  "web-manifest.json": {
    "hash": "d298692aa60bf289097ac6139f40d0071ee65aa02dcb0cb247d4792cf57a4128",
    "version": "0.0.4"
  },
  "web-types.json": {
    "hash": "28d788be2872a3f09d4fd076c144a0f7fd88a99d37b41ce44ead80606f37d8f0",
    "version": "0.0.2"
  },
  "webextension.json": {
    "hash": "8e72346d0416eb3073fb11a751c5ac906971db89e1bf65292852d609c751d0ae",
    "version": "0.0.4"
  },
  "webjob-publish-settings.json": {
    "hash": "b1a803ddfc598699588f9b03f40be08d8949989164e7b6879d83b32baa9c8c02",
    "version": "0.0.3"
  },
  "webjobs-list.json": {
    "hash": "f898c9e3de948ebbde435dbf8d3d2971f680c3fd234e5046bb0ea215cc909d8a",
    "version": "0.0.3"
  },
  "xunit.runner.schema.json": {
    "hash": "bafcfb07fb1e7d161a5109c8329b0a47e36b836f3e7a67f3a235045593f9615a",
    "version": "0.0.5"
  }
}
